// !$*UTF8*$!
{
	archiveVersion = 1;
	classes = {
	};
	objectVersion = 56;
	objects = {

/* Begin PBXBuildFile section */
		0A9D7EEB2D3218D700098730 /* AppDelegate.swift in Sources */ = {isa = PBXBuildFile; fileRef = 0A9D7EEA2D3218D700098730 /* AppDelegate.swift */; };
		0A9D7EED2D3218D700098730 /* SceneDelegate.swift in Sources */ = {isa = PBXBuildFile; fileRef = 0A9D7EEC2D3218D700098730 /* SceneDelegate.swift */; };
		0A9D7EF42D3218D900098730 /* Assets.xcassets in Resources */ = {isa = PBXBuildFile; fileRef = 0A9D7EF32D3218D900098730 /* Assets.xcassets */; };
		0A9D7EF72D3218D900098730 /* Base in Resources */ = {isa = PBXBuildFile; fileRef = 0A9D7EF62D3218D900098730 /* Base */; };
		0A9D7F022D3218D900098730 /* Swapnil_TaskTests.swift in Sources */ = {isa = PBXBuildFile; fileRef = 0A9D7F012D3218D900098730 /* Swapnil_TaskTests.swift */; };
		0A9D7F0C2D3218D900098730 /* Swapnil_TaskUITests.swift in Sources */ = {isa = PBXBuildFile; fileRef = 0A9D7F0B2D3218D900098730 /* Swapnil_TaskUITests.swift */; };
		0A9D7F0E2D3218D900098730 /* Swapnil_TaskUITestsLaunchTests.swift in Sources */ = {isa = PBXBuildFile; fileRef = 0A9D7F0D2D3218D900098730 /* Swapnil_TaskUITestsLaunchTests.swift */; };
		0A9D7F1B2D33E13200098730 /* CryptoCoin.swift in Sources */ = {isa = PBXBuildFile; fileRef = 0A9D7F1A2D33E13200098730 /* CryptoCoin.swift */; };
		0A9D7F1C2D33E13200098730 /* CryptoCoin.swift in Sources */ = {isa = PBXBuildFile; fileRef = 0A9D7F1A2D33E13200098730 /* CryptoCoin.swift */; };
		0A9D7F202D33E17700098730 /* CryptoListVM.swift in Sources */ = {isa = PBXBuildFile; fileRef = 0A9D7F1F2D33E17700098730 /* CryptoListVM.swift */; };
		0A9D7F212D33E17700098730 /* CryptoListVM.swift in Sources */ = {isa = PBXBuildFile; fileRef = 0A9D7F1F2D33E17700098730 /* CryptoListVM.swift */; };
		0A9D7F252D33E28600098730 /* CryptoCoinTVCell.swift in Sources */ = {isa = PBXBuildFile; fileRef = 0A9D7F242D33E28600098730 /* CryptoCoinTVCell.swift */; };
		0A9D7F262D33E28600098730 /* CryptoCoinTVCell.swift in Sources */ = {isa = PBXBuildFile; fileRef = 0A9D7F242D33E28600098730 /* CryptoCoinTVCell.swift */; };
		0A9D7F282D33E8C800098730 /* CryptoListVC.swift in Sources */ = {isa = PBXBuildFile; fileRef = 0A9D7F272D33E8C800098730 /* CryptoListVC.swift */; };
		0A9D7F292D33E8C800098730 /* CryptoListVC.swift in Sources */ = {isa = PBXBuildFile; fileRef = 0A9D7F272D33E8C800098730 /* CryptoListVC.swift */; };
		0A9D7F3D2D35EB4300098730 /* JSONParameterEncoder.swift in Sources */ = {isa = PBXBuildFile; fileRef = 0A9D7F2A2D35EB4300098730 /* JSONParameterEncoder.swift */; };
		0A9D7F3E2D35EB4300098730 /* JSONParameterEncoder.swift in Sources */ = {isa = PBXBuildFile; fileRef = 0A9D7F2A2D35EB4300098730 /* JSONParameterEncoder.swift */; };
		0A9D7F3F2D35EB4300098730 /* NetworkError.swift in Sources */ = {isa = PBXBuildFile; fileRef = 0A9D7F2B2D35EB4300098730 /* NetworkError.swift */; };
		0A9D7F402D35EB4300098730 /* NetworkError.swift in Sources */ = {isa = PBXBuildFile; fileRef = 0A9D7F2B2D35EB4300098730 /* NetworkError.swift */; };
		0A9D7F412D35EB4300098730 /* ParameterEncoderType.swift in Sources */ = {isa = PBXBuildFile; fileRef = 0A9D7F2C2D35EB4300098730 /* ParameterEncoderType.swift */; };
		0A9D7F422D35EB4300098730 /* ParameterEncoderType.swift in Sources */ = {isa = PBXBuildFile; fileRef = 0A9D7F2C2D35EB4300098730 /* ParameterEncoderType.swift */; };
		0A9D7F432D35EB4300098730 /* ParameterEncoding.swift in Sources */ = {isa = PBXBuildFile; fileRef = 0A9D7F2D2D35EB4300098730 /* ParameterEncoding.swift */; };
		0A9D7F442D35EB4300098730 /* ParameterEncoding.swift in Sources */ = {isa = PBXBuildFile; fileRef = 0A9D7F2D2D35EB4300098730 /* ParameterEncoding.swift */; };
		0A9D7F452D35EB4300098730 /* URLParameterEncoder.swift in Sources */ = {isa = PBXBuildFile; fileRef = 0A9D7F2E2D35EB4300098730 /* URLParameterEncoder.swift */; };
		0A9D7F462D35EB4300098730 /* URLParameterEncoder.swift in Sources */ = {isa = PBXBuildFile; fileRef = 0A9D7F2E2D35EB4300098730 /* URLParameterEncoder.swift */; };
		0A9D7F472D35EB4300098730 /* CoinEndPoint.swift in Sources */ = {isa = PBXBuildFile; fileRef = 0A9D7F302D35EB4300098730 /* CoinEndPoint.swift */; };
		0A9D7F482D35EB4300098730 /* CoinEndPoint.swift in Sources */ = {isa = PBXBuildFile; fileRef = 0A9D7F302D35EB4300098730 /* CoinEndPoint.swift */; };
		0A9D7F4B2D35EB4300098730 /* NetworkManager.swift in Sources */ = {isa = PBXBuildFile; fileRef = 0A9D7F332D35EB4300098730 /* NetworkManager.swift */; };
		0A9D7F4C2D35EB4300098730 /* NetworkManager.swift in Sources */ = {isa = PBXBuildFile; fileRef = 0A9D7F332D35EB4300098730 /* NetworkManager.swift */; };
		0A9D7F4F2D35EB4300098730 /* EndPointType.swift in Sources */ = {isa = PBXBuildFile; fileRef = 0A9D7F362D35EB4300098730 /* EndPointType.swift */; };
		0A9D7F502D35EB4300098730 /* EndPointType.swift in Sources */ = {isa = PBXBuildFile; fileRef = 0A9D7F362D35EB4300098730 /* EndPointType.swift */; };
		0A9D7F512D35EB4300098730 /* HTTPMethod.swift in Sources */ = {isa = PBXBuildFile; fileRef = 0A9D7F372D35EB4300098730 /* HTTPMethod.swift */; };
		0A9D7F522D35EB4300098730 /* HTTPMethod.swift in Sources */ = {isa = PBXBuildFile; fileRef = 0A9D7F372D35EB4300098730 /* HTTPMethod.swift */; };
		0A9D7F532D35EB4300098730 /* HTTPTask.swift in Sources */ = {isa = PBXBuildFile; fileRef = 0A9D7F382D35EB4300098730 /* HTTPTask.swift */; };
		0A9D7F542D35EB4300098730 /* HTTPTask.swift in Sources */ = {isa = PBXBuildFile; fileRef = 0A9D7F382D35EB4300098730 /* HTTPTask.swift */; };
		0A9D7F552D35EB4300098730 /* Router.swift in Sources */ = {isa = PBXBuildFile; fileRef = 0A9D7F392D35EB4300098730 /* Router.swift */; };
		0A9D7F562D35EB4300098730 /* Router.swift in Sources */ = {isa = PBXBuildFile; fileRef = 0A9D7F392D35EB4300098730 /* Router.swift */; };
		0A9D7F572D35EB4300098730 /* RouterType.swift in Sources */ = {isa = PBXBuildFile; fileRef = 0A9D7F3A2D35EB4300098730 /* RouterType.swift */; };
		0A9D7F582D35EB4300098730 /* RouterType.swift in Sources */ = {isa = PBXBuildFile; fileRef = 0A9D7F3A2D35EB4300098730 /* RouterType.swift */; };
		0A9D7F5A2D36210E00098730 /* CryptoCoinsService.swift in Sources */ = {isa = PBXBuildFile; fileRef = 0A9D7F592D36210E00098730 /* CryptoCoinsService.swift */; };
		0A9D7F5B2D36210E00098730 /* CryptoCoinsService.swift in Sources */ = {isa = PBXBuildFile; fileRef = 0A9D7F592D36210E00098730 /* CryptoCoinsService.swift */; };
		0A9D7F5D2D36223D00098730 /* CryptoCoinsServiceType.swift in Sources */ = {isa = PBXBuildFile; fileRef = 0A9D7F5C2D36223D00098730 /* CryptoCoinsServiceType.swift */; };
		0A9D7F5E2D36223D00098730 /* CryptoCoinsServiceType.swift in Sources */ = {isa = PBXBuildFile; fileRef = 0A9D7F5C2D36223D00098730 /* CryptoCoinsServiceType.swift */; };
		0A9D7F662D38C17200098730 /* Swapnil_Task_DB.xcdatamodeld in Sources */ = {isa = PBXBuildFile; fileRef = 0A9D7F642D38C17200098730 /* Swapnil_Task_DB.xcdatamodeld */; };
		0A9D7F672D38C17200098730 /* Swapnil_Task_DB.xcdatamodeld in Sources */ = {isa = PBXBuildFile; fileRef = 0A9D7F642D38C17200098730 /* Swapnil_Task_DB.xcdatamodeld */; };
		0A9D7F6A2D38C1BA00098730 /* PersistenceController.swift in Sources */ = {isa = PBXBuildFile; fileRef = 0A9D7F692D38C1BA00098730 /* PersistenceController.swift */; };
		0A9D7F6B2D38C1BA00098730 /* PersistenceController.swift in Sources */ = {isa = PBXBuildFile; fileRef = 0A9D7F692D38C1BA00098730 /* PersistenceController.swift */; };
		0A9D7F6D2D38CCE400098730 /* CryptoListDataFetcher.swift in Sources */ = {isa = PBXBuildFile; fileRef = 0A9D7F6C2D38CCE400098730 /* CryptoListDataFetcher.swift */; };
		0A9D7F6E2D38CCE400098730 /* CryptoListDataFetcher.swift in Sources */ = {isa = PBXBuildFile; fileRef = 0A9D7F6C2D38CCE400098730 /* CryptoListDataFetcher.swift */; };
/* End PBXBuildFile section */

/* Begin PBXContainerItemProxy section */
		0A9D7EFE2D3218D900098730 /* PBXContainerItemProxy */ = {
			isa = PBXContainerItemProxy;
			containerPortal = 0A9D7EDF2D3218D700098730 /* Project object */;
			proxyType = 1;
			remoteGlobalIDString = 0A9D7EE62D3218D700098730;
			remoteInfo = Swapnil_Task;
		};
		0A9D7F082D3218D900098730 /* PBXContainerItemProxy */ = {
			isa = PBXContainerItemProxy;
			containerPortal = 0A9D7EDF2D3218D700098730 /* Project object */;
			proxyType = 1;
			remoteGlobalIDString = 0A9D7EE62D3218D700098730;
			remoteInfo = Swapnil_Task;
		};
/* End PBXContainerItemProxy section */

/* Begin PBXFileReference section */
		0A9D7EE72D3218D700098730 /* Swapnil_Task.app */ = {isa = PBXFileReference; explicitFileType = wrapper.application; includeInIndex = 0; path = Swapnil_Task.app; sourceTree = BUILT_PRODUCTS_DIR; };
		0A9D7EEA2D3218D700098730 /* AppDelegate.swift */ = {isa = PBXFileReference; lastKnownFileType = sourcecode.swift; path = AppDelegate.swift; sourceTree = "<group>"; };
		0A9D7EEC2D3218D700098730 /* SceneDelegate.swift */ = {isa = PBXFileReference; lastKnownFileType = sourcecode.swift; path = SceneDelegate.swift; sourceTree = "<group>"; };
		0A9D7EF32D3218D900098730 /* Assets.xcassets */ = {isa = PBXFileReference; lastKnownFileType = folder.assetcatalog; path = Assets.xcassets; sourceTree = "<group>"; };
		0A9D7EF62D3218D900098730 /* Base */ = {isa = PBXFileReference; lastKnownFileType = file.storyboard; name = Base; path = Base.lproj/LaunchScreen.storyboard; sourceTree = "<group>"; };
		0A9D7EF82D3218D900098730 /* Info.plist */ = {isa = PBXFileReference; lastKnownFileType = text.plist.xml; path = Info.plist; sourceTree = "<group>"; };
		0A9D7EFD2D3218D900098730 /* Swapnil_TaskTests.xctest */ = {isa = PBXFileReference; explicitFileType = wrapper.cfbundle; includeInIndex = 0; path = Swapnil_TaskTests.xctest; sourceTree = BUILT_PRODUCTS_DIR; };
		0A9D7F012D3218D900098730 /* Swapnil_TaskTests.swift */ = {isa = PBXFileReference; lastKnownFileType = sourcecode.swift; path = Swapnil_TaskTests.swift; sourceTree = "<group>"; };
		0A9D7F072D3218D900098730 /* Swapnil_TaskUITests.xctest */ = {isa = PBXFileReference; explicitFileType = wrapper.cfbundle; includeInIndex = 0; path = Swapnil_TaskUITests.xctest; sourceTree = BUILT_PRODUCTS_DIR; };
		0A9D7F0B2D3218D900098730 /* Swapnil_TaskUITests.swift */ = {isa = PBXFileReference; lastKnownFileType = sourcecode.swift; path = Swapnil_TaskUITests.swift; sourceTree = "<group>"; };
		0A9D7F0D2D3218D900098730 /* Swapnil_TaskUITestsLaunchTests.swift */ = {isa = PBXFileReference; lastKnownFileType = sourcecode.swift; path = Swapnil_TaskUITestsLaunchTests.swift; sourceTree = "<group>"; };
		0A9D7F1A2D33E13200098730 /* CryptoCoin.swift */ = {isa = PBXFileReference; lastKnownFileType = sourcecode.swift; path = CryptoCoin.swift; sourceTree = "<group>"; };
		0A9D7F1F2D33E17700098730 /* CryptoListVM.swift */ = {isa = PBXFileReference; lastKnownFileType = sourcecode.swift; path = CryptoListVM.swift; sourceTree = "<group>"; };
		0A9D7F242D33E28600098730 /* CryptoCoinTVCell.swift */ = {isa = PBXFileReference; lastKnownFileType = sourcecode.swift; path = CryptoCoinTVCell.swift; sourceTree = "<group>"; };
		0A9D7F272D33E8C800098730 /* CryptoListVC.swift */ = {isa = PBXFileReference; lastKnownFileType = sourcecode.swift; path = CryptoListVC.swift; sourceTree = "<group>"; };
		0A9D7F2A2D35EB4300098730 /* JSONParameterEncoder.swift */ = {isa = PBXFileReference; fileEncoding = 4; lastKnownFileType = sourcecode.swift; path = JSONParameterEncoder.swift; sourceTree = "<group>"; };
		0A9D7F2B2D35EB4300098730 /* NetworkError.swift */ = {isa = PBXFileReference; fileEncoding = 4; lastKnownFileType = sourcecode.swift; path = NetworkError.swift; sourceTree = "<group>"; };
		0A9D7F2C2D35EB4300098730 /* ParameterEncoderType.swift */ = {isa = PBXFileReference; fileEncoding = 4; lastKnownFileType = sourcecode.swift; path = ParameterEncoderType.swift; sourceTree = "<group>"; };
		0A9D7F2D2D35EB4300098730 /* ParameterEncoding.swift */ = {isa = PBXFileReference; fileEncoding = 4; lastKnownFileType = sourcecode.swift; path = ParameterEncoding.swift; sourceTree = "<group>"; };
		0A9D7F2E2D35EB4300098730 /* URLParameterEncoder.swift */ = {isa = PBXFileReference; fileEncoding = 4; lastKnownFileType = sourcecode.swift; path = URLParameterEncoder.swift; sourceTree = "<group>"; };
		0A9D7F302D35EB4300098730 /* CoinEndPoint.swift */ = {isa = PBXFileReference; fileEncoding = 4; lastKnownFileType = sourcecode.swift; path = CoinEndPoint.swift; sourceTree = "<group>"; };
		0A9D7F332D35EB4300098730 /* NetworkManager.swift */ = {isa = PBXFileReference; fileEncoding = 4; lastKnownFileType = sourcecode.swift; path = NetworkManager.swift; sourceTree = "<group>"; };
		0A9D7F362D35EB4300098730 /* EndPointType.swift */ = {isa = PBXFileReference; fileEncoding = 4; lastKnownFileType = sourcecode.swift; path = EndPointType.swift; sourceTree = "<group>"; };
		0A9D7F372D35EB4300098730 /* HTTPMethod.swift */ = {isa = PBXFileReference; fileEncoding = 4; lastKnownFileType = sourcecode.swift; path = HTTPMethod.swift; sourceTree = "<group>"; };
		0A9D7F382D35EB4300098730 /* HTTPTask.swift */ = {isa = PBXFileReference; fileEncoding = 4; lastKnownFileType = sourcecode.swift; path = HTTPTask.swift; sourceTree = "<group>"; };
		0A9D7F392D35EB4300098730 /* Router.swift */ = {isa = PBXFileReference; fileEncoding = 4; lastKnownFileType = sourcecode.swift; path = Router.swift; sourceTree = "<group>"; };
		0A9D7F3A2D35EB4300098730 /* RouterType.swift */ = {isa = PBXFileReference; fileEncoding = 4; lastKnownFileType = sourcecode.swift; path = RouterType.swift; sourceTree = "<group>"; };
		0A9D7F592D36210E00098730 /* CryptoCoinsService.swift */ = {isa = PBXFileReference; lastKnownFileType = sourcecode.swift; path = CryptoCoinsService.swift; sourceTree = "<group>"; };
		0A9D7F5C2D36223D00098730 /* CryptoCoinsServiceType.swift */ = {isa = PBXFileReference; lastKnownFileType = sourcecode.swift; path = CryptoCoinsServiceType.swift; sourceTree = "<group>"; };
		0A9D7F652D38C17200098730 /* Swapnil_Task_DB.xcdatamodel */ = {isa = PBXFileReference; lastKnownFileType = wrapper.xcdatamodel; path = Swapnil_Task_DB.xcdatamodel; sourceTree = "<group>"; };
		0A9D7F692D38C1BA00098730 /* PersistenceController.swift */ = {isa = PBXFileReference; lastKnownFileType = sourcecode.swift; path = PersistenceController.swift; sourceTree = "<group>"; };
		0A9D7F6C2D38CCE400098730 /* CryptoListDataFetcher.swift */ = {isa = PBXFileReference; lastKnownFileType = sourcecode.swift; path = CryptoListDataFetcher.swift; sourceTree = "<group>"; };
/* End PBXFileReference section */

/* Begin PBXFrameworksBuildPhase section */
		0A9D7EE42D3218D700098730 /* Frameworks */ = {
			isa = PBXFrameworksBuildPhase;
			buildActionMask = 2147483647;
			files = (
			);
			runOnlyForDeploymentPostprocessing = 0;
		};
		0A9D7EFA2D3218D900098730 /* Frameworks */ = {
			isa = PBXFrameworksBuildPhase;
			buildActionMask = 2147483647;
			files = (
			);
			runOnlyForDeploymentPostprocessing = 0;
		};
		0A9D7F042D3218D900098730 /* Frameworks */ = {
			isa = PBXFrameworksBuildPhase;
			buildActionMask = 2147483647;
			files = (
			);
			runOnlyForDeploymentPostprocessing = 0;
		};
/* End PBXFrameworksBuildPhase section */

/* Begin PBXGroup section */
		0A9D7EDE2D3218D700098730 = {
			isa = PBXGroup;
			children = (
				0A9D7EE92D3218D700098730 /* Swapnil_Task */,
				0A9D7F002D3218D900098730 /* Swapnil_TaskTests */,
				0A9D7F0A2D3218D900098730 /* Swapnil_TaskUITests */,
				0A9D7EE82D3218D700098730 /* Products */,
			);
			sourceTree = "<group>";
		};
		0A9D7EE82D3218D700098730 /* Products */ = {
			isa = PBXGroup;
			children = (
				0A9D7EE72D3218D700098730 /* Swapnil_Task.app */,
				0A9D7EFD2D3218D900098730 /* Swapnil_TaskTests.xctest */,
				0A9D7F072D3218D900098730 /* Swapnil_TaskUITests.xctest */,
			);
			name = Products;
			sourceTree = "<group>";
		};
		0A9D7EE92D3218D700098730 /* Swapnil_Task */ = {
			isa = PBXGroup;
			children = (
				0A9D7EEA2D3218D700098730 /* AppDelegate.swift */,
				0A9D7EEC2D3218D700098730 /* SceneDelegate.swift */,
				0A9D7F232D33E18800098730 /* Crypto List */,
				0A9D7F6C2D38CCE400098730 /* CryptoListDataFetcher.swift */,
				0A9D7F3C2D35EB4300098730 /* Networking */,
				0A9D7F682D38C18800098730 /* Database */,
				0A9D7EF32D3218D900098730 /* Assets.xcassets */,
				0A9D7EF52D3218D900098730 /* LaunchScreen.storyboard */,
				0A9D7EF82D3218D900098730 /* Info.plist */,
			);
			path = Swapnil_Task;
			sourceTree = "<group>";
		};
		0A9D7F002D3218D900098730 /* Swapnil_TaskTests */ = {
			isa = PBXGroup;
			children = (
				0A9D7F012D3218D900098730 /* Swapnil_TaskTests.swift */,
			);
			path = Swapnil_TaskTests;
			sourceTree = "<group>";
		};
		0A9D7F0A2D3218D900098730 /* Swapnil_TaskUITests */ = {
			isa = PBXGroup;
			children = (
				0A9D7F0B2D3218D900098730 /* Swapnil_TaskUITests.swift */,
				0A9D7F0D2D3218D900098730 /* Swapnil_TaskUITestsLaunchTests.swift */,
			);
			path = Swapnil_TaskUITests;
			sourceTree = "<group>";
		};
		0A9D7F1D2D33E13800098730 /* Model */ = {
			isa = PBXGroup;
			children = (
				0A9D7F1A2D33E13200098730 /* CryptoCoin.swift */,
			);
			path = Model;
			sourceTree = "<group>";
		};
		0A9D7F1E2D33E14300098730 /* View */ = {
			isa = PBXGroup;
			children = (
				0A9D7F272D33E8C800098730 /* CryptoListVC.swift */,
				0A9D7F242D33E28600098730 /* CryptoCoinTVCell.swift */,
			);
			path = View;
			sourceTree = "<group>";
		};
		0A9D7F222D33E17C00098730 /* View Model */ = {
			isa = PBXGroup;
			children = (
				0A9D7F1F2D33E17700098730 /* CryptoListVM.swift */,
			);
			path = "View Model";
			sourceTree = "<group>";
		};
		0A9D7F232D33E18800098730 /* Crypto List */ = {
			isa = PBXGroup;
			children = (
				0A9D7F222D33E17C00098730 /* View Model */,
				0A9D7F1E2D33E14300098730 /* View */,
				0A9D7F1D2D33E13800098730 /* Model */,
			);
			path = "Crypto List";
			sourceTree = "<group>";
		};
		0A9D7F2F2D35EB4300098730 /* Encoding */ = {
			isa = PBXGroup;
			children = (
				0A9D7F2A2D35EB4300098730 /* JSONParameterEncoder.swift */,
				0A9D7F2B2D35EB4300098730 /* NetworkError.swift */,
				0A9D7F2C2D35EB4300098730 /* ParameterEncoderType.swift */,
				0A9D7F2D2D35EB4300098730 /* ParameterEncoding.swift */,
				0A9D7F2E2D35EB4300098730 /* URLParameterEncoder.swift */,
			);
			path = Encoding;
			sourceTree = "<group>";
		};
		0A9D7F322D35EB4300098730 /* End Point */ = {
			isa = PBXGroup;
			children = (
				0A9D7F302D35EB4300098730 /* CoinEndPoint.swift */,
			);
			path = "End Point";
			sourceTree = "<group>";
		};
		0A9D7F342D35EB4300098730 /* Manager */ = {
			isa = PBXGroup;
			children = (
				0A9D7F332D35EB4300098730 /* NetworkManager.swift */,
				0A9D7F5F2D36225500098730 /* Coins Service */,
			);
			path = Manager;
			sourceTree = "<group>";
		};
		0A9D7F3B2D35EB4300098730 /* Service */ = {
			isa = PBXGroup;
			children = (
				0A9D7F362D35EB4300098730 /* EndPointType.swift */,
				0A9D7F372D35EB4300098730 /* HTTPMethod.swift */,
				0A9D7F382D35EB4300098730 /* HTTPTask.swift */,
				0A9D7F392D35EB4300098730 /* Router.swift */,
				0A9D7F3A2D35EB4300098730 /* RouterType.swift */,
			);
			path = Service;
			sourceTree = "<group>";
		};
		0A9D7F3C2D35EB4300098730 /* Networking */ = {
			isa = PBXGroup;
			children = (
				0A9D7F2F2D35EB4300098730 /* Encoding */,
				0A9D7F322D35EB4300098730 /* End Point */,
				0A9D7F342D35EB4300098730 /* Manager */,
				0A9D7F3B2D35EB4300098730 /* Service */,
			);
			path = Networking;
			sourceTree = "<group>";
		};
		0A9D7F5F2D36225500098730 /* Coins Service */ = {
			isa = PBXGroup;
			children = (
				0A9D7F592D36210E00098730 /* CryptoCoinsService.swift */,
				0A9D7F5C2D36223D00098730 /* CryptoCoinsServiceType.swift */,
			);
			path = "Coins Service";
			sourceTree = "<group>";
		};
		0A9D7F682D38C18800098730 /* Database */ = {
			isa = PBXGroup;
			children = (
				0A9D7F642D38C17200098730 /* Swapnil_Task_DB.xcdatamodeld */,
				0A9D7F692D38C1BA00098730 /* PersistenceController.swift */,
			);
			path = Database;
			sourceTree = "<group>";
		};
/* End PBXGroup section */

/* Begin PBXNativeTarget section */
		0A9D7EE62D3218D700098730 /* Swapnil_Task */ = {
			isa = PBXNativeTarget;
			buildConfigurationList = 0A9D7F112D3218D900098730 /* Build configuration list for PBXNativeTarget "Swapnil_Task" */;
			buildPhases = (
				0A9D7EE32D3218D700098730 /* Sources */,
				0A9D7EE42D3218D700098730 /* Frameworks */,
				0A9D7EE52D3218D700098730 /* Resources */,
			);
			buildRules = (
			);
			dependencies = (
			);
			name = Swapnil_Task;
			productName = Swapnil_Task;
			productReference = 0A9D7EE72D3218D700098730 /* Swapnil_Task.app */;
			productType = "com.apple.product-type.application";
		};
		0A9D7EFC2D3218D900098730 /* Swapnil_TaskTests */ = {
			isa = PBXNativeTarget;
			buildConfigurationList = 0A9D7F142D3218D900098730 /* Build configuration list for PBXNativeTarget "Swapnil_TaskTests" */;
			buildPhases = (
				0A9D7EF92D3218D900098730 /* Sources */,
				0A9D7EFA2D3218D900098730 /* Frameworks */,
				0A9D7EFB2D3218D900098730 /* Resources */,
			);
			buildRules = (
			);
			dependencies = (
				0A9D7EFF2D3218D900098730 /* PBXTargetDependency */,
			);
			name = Swapnil_TaskTests;
			productName = Swapnil_TaskTests;
			productReference = 0A9D7EFD2D3218D900098730 /* Swapnil_TaskTests.xctest */;
			productType = "com.apple.product-type.bundle.unit-test";
		};
		0A9D7F062D3218D900098730 /* Swapnil_TaskUITests */ = {
			isa = PBXNativeTarget;
			buildConfigurationList = 0A9D7F172D3218D900098730 /* Build configuration list for PBXNativeTarget "Swapnil_TaskUITests" */;
			buildPhases = (
				0A9D7F032D3218D900098730 /* Sources */,
				0A9D7F042D3218D900098730 /* Frameworks */,
				0A9D7F052D3218D900098730 /* Resources */,
			);
			buildRules = (
			);
			dependencies = (
				0A9D7F092D3218D900098730 /* PBXTargetDependency */,
			);
			name = Swapnil_TaskUITests;
			productName = Swapnil_TaskUITests;
			productReference = 0A9D7F072D3218D900098730 /* Swapnil_TaskUITests.xctest */;
			productType = "com.apple.product-type.bundle.ui-testing";
		};
/* End PBXNativeTarget section */

/* Begin PBXProject section */
		0A9D7EDF2D3218D700098730 /* Project object */ = {
			isa = PBXProject;
			attributes = {
				BuildIndependentTargetsInParallel = 1;
				LastSwiftUpdateCheck = 1540;
				LastUpgradeCheck = 1540;
				TargetAttributes = {
					0A9D7EE62D3218D700098730 = {
						CreatedOnToolsVersion = 15.4;
					};
					0A9D7EFC2D3218D900098730 = {
						CreatedOnToolsVersion = 15.4;
						TestTargetID = 0A9D7EE62D3218D700098730;
					};
					0A9D7F062D3218D900098730 = {
						CreatedOnToolsVersion = 15.4;
						TestTargetID = 0A9D7EE62D3218D700098730;
					};
				};
			};
			buildConfigurationList = 0A9D7EE22D3218D700098730 /* Build configuration list for PBXProject "Swapnil_Task" */;
			compatibilityVersion = "Xcode 14.0";
			developmentRegion = en;
			hasScannedForEncodings = 0;
			knownRegions = (
				en,
				Base,
			);
			mainGroup = 0A9D7EDE2D3218D700098730;
			productRefGroup = 0A9D7EE82D3218D700098730 /* Products */;
			projectDirPath = "";
			projectRoot = "";
			targets = (
				0A9D7EE62D3218D700098730 /* Swapnil_Task */,
				0A9D7EFC2D3218D900098730 /* Swapnil_TaskTests */,
				0A9D7F062D3218D900098730 /* Swapnil_TaskUITests */,
			);
		};
/* End PBXProject section */

/* Begin PBXResourcesBuildPhase section */
		0A9D7EE52D3218D700098730 /* Resources */ = {
			isa = PBXResourcesBuildPhase;
			buildActionMask = 2147483647;
			files = (
				0A9D7EF42D3218D900098730 /* Assets.xcassets in Resources */,
				0A9D7EF72D3218D900098730 /* Base in Resources */,
			);
			runOnlyForDeploymentPostprocessing = 0;
		};
		0A9D7EFB2D3218D900098730 /* Resources */ = {
			isa = PBXResourcesBuildPhase;
			buildActionMask = 2147483647;
			files = (
			);
			runOnlyForDeploymentPostprocessing = 0;
		};
		0A9D7F052D3218D900098730 /* Resources */ = {
			isa = PBXResourcesBuildPhase;
			buildActionMask = 2147483647;
			files = (
			);
			runOnlyForDeploymentPostprocessing = 0;
		};
/* End PBXResourcesBuildPhase section */

/* Begin PBXSourcesBuildPhase section */
		0A9D7EE32D3218D700098730 /* Sources */ = {
			isa = PBXSourcesBuildPhase;
			buildActionMask = 2147483647;
			files = (
				0A9D7F4F2D35EB4300098730 /* EndPointType.swift in Sources */,
				0A9D7F5A2D36210E00098730 /* CryptoCoinsService.swift in Sources */,
				0A9D7F1B2D33E13200098730 /* CryptoCoin.swift in Sources */,
				0A9D7F572D35EB4300098730 /* RouterType.swift in Sources */,
				0A9D7F452D35EB4300098730 /* URLParameterEncoder.swift in Sources */,
				0A9D7F412D35EB4300098730 /* ParameterEncoderType.swift in Sources */,
				0A9D7F432D35EB4300098730 /* ParameterEncoding.swift in Sources */,
				0A9D7F3F2D35EB4300098730 /* NetworkError.swift in Sources */,
				0A9D7F5D2D36223D00098730 /* CryptoCoinsServiceType.swift in Sources */,
				0A9D7F6D2D38CCE400098730 /* CryptoListDataFetcher.swift in Sources */,
				0A9D7F552D35EB4300098730 /* Router.swift in Sources */,
				0A9D7EEB2D3218D700098730 /* AppDelegate.swift in Sources */,
				0A9D7F202D33E17700098730 /* CryptoListVM.swift in Sources */,
				0A9D7EED2D3218D700098730 /* SceneDelegate.swift in Sources */,
				0A9D7F252D33E28600098730 /* CryptoCoinTVCell.swift in Sources */,
				0A9D7F3D2D35EB4300098730 /* JSONParameterEncoder.swift in Sources */,
				0A9D7F6A2D38C1BA00098730 /* PersistenceController.swift in Sources */,
				0A9D7F662D38C17200098730 /* Swapnil_Task_DB.xcdatamodeld in Sources */,
				0A9D7F532D35EB4300098730 /* HTTPTask.swift in Sources */,
				0A9D7F512D35EB4300098730 /* HTTPMethod.swift in Sources */,
				0A9D7F4B2D35EB4300098730 /* NetworkManager.swift in Sources */,
				0A9D7F282D33E8C800098730 /* CryptoListVC.swift in Sources */,
				0A9D7F472D35EB4300098730 /* CoinEndPoint.swift in Sources */,
			);
			runOnlyForDeploymentPostprocessing = 0;
		};
		0A9D7EF92D3218D900098730 /* Sources */ = {
			isa = PBXSourcesBuildPhase;
			buildActionMask = 2147483647;
			files = (
				0A9D7F542D35EB4300098730 /* HTTPTask.swift in Sources */,
				0A9D7F442D35EB4300098730 /* ParameterEncoding.swift in Sources */,
				0A9D7F422D35EB4300098730 /* ParameterEncoderType.swift in Sources */,
				0A9D7F582D35EB4300098730 /* RouterType.swift in Sources */,
				0A9D7F022D3218D900098730 /* Swapnil_TaskTests.swift in Sources */,
				0A9D7F562D35EB4300098730 /* Router.swift in Sources */,
				0A9D7F4C2D35EB4300098730 /* NetworkManager.swift in Sources */,
				0A9D7F402D35EB4300098730 /* NetworkError.swift in Sources */,
				0A9D7F262D33E28600098730 /* CryptoCoinTVCell.swift in Sources */,
				0A9D7F672D38C17200098730 /* Swapnil_Task_DB.xcdatamodeld in Sources */,
				0A9D7F3E2D35EB4300098730 /* JSONParameterEncoder.swift in Sources */,
				0A9D7F502D35EB4300098730 /* EndPointType.swift in Sources */,
				0A9D7F6E2D38CCE400098730 /* CryptoListDataFetcher.swift in Sources */,
				0A9D7F482D35EB4300098730 /* CoinEndPoint.swift in Sources */,
				0A9D7F5E2D36223D00098730 /* CryptoCoinsServiceType.swift in Sources */,
				0A9D7F212D33E17700098730 /* CryptoListVM.swift in Sources */,
				0A9D7F6B2D38C1BA00098730 /* PersistenceController.swift in Sources */,
				0A9D7F522D35EB4300098730 /* HTTPMethod.swift in Sources */,
				0A9D7F1C2D33E13200098730 /* CryptoCoin.swift in Sources */,
				0A9D7F462D35EB4300098730 /* URLParameterEncoder.swift in Sources */,
				0A9D7F292D33E8C800098730 /* CryptoListVC.swift in Sources */,
				0A9D7F5B2D36210E00098730 /* CryptoCoinsService.swift in Sources */,
			);
			runOnlyForDeploymentPostprocessing = 0;
		};
		0A9D7F032D3218D900098730 /* Sources */ = {
			isa = PBXSourcesBuildPhase;
			buildActionMask = 2147483647;
			files = (
				0A9D7F0E2D3218D900098730 /* Swapnil_TaskUITestsLaunchTests.swift in Sources */,
				0A9D7F0C2D3218D900098730 /* Swapnil_TaskUITests.swift in Sources */,
			);
			runOnlyForDeploymentPostprocessing = 0;
		};
/* End PBXSourcesBuildPhase section */

/* Begin PBXTargetDependency section */
		0A9D7EFF2D3218D900098730 /* PBXTargetDependency */ = {
			isa = PBXTargetDependency;
			target = 0A9D7EE62D3218D700098730 /* Swapnil_Task */;
			targetProxy = 0A9D7EFE2D3218D900098730 /* PBXContainerItemProxy */;
		};
		0A9D7F092D3218D900098730 /* PBXTargetDependency */ = {
			isa = PBXTargetDependency;
			target = 0A9D7EE62D3218D700098730 /* Swapnil_Task */;
			targetProxy = 0A9D7F082D3218D900098730 /* PBXContainerItemProxy */;
		};
/* End PBXTargetDependency section */

/* Begin PBXVariantGroup section */
		0A9D7EF52D3218D900098730 /* LaunchScreen.storyboard */ = {
			isa = PBXVariantGroup;
			children = (
				0A9D7EF62D3218D900098730 /* Base */,
			);
			name = LaunchScreen.storyboard;
			sourceTree = "<group>";
		};
/* End PBXVariantGroup section */

/* Begin XCBuildConfiguration section */
		0A9D7F0F2D3218D900098730 /* Debug */ = {
			isa = XCBuildConfiguration;
			buildSettings = {
				ALWAYS_SEARCH_USER_PATHS = NO;
				ASSETCATALOG_COMPILER_GENERATE_SWIFT_ASSET_SYMBOL_EXTENSIONS = YES;
				CLANG_ANALYZER_NONNULL = YES;
				CLANG_ANALYZER_NUMBER_OBJECT_CONVERSION = YES_AGGRESSIVE;
				CLANG_CXX_LANGUAGE_STANDARD = "gnu++20";
				CLANG_ENABLE_MODULES = YES;
				CLANG_ENABLE_OBJC_ARC = YES;
				CLANG_ENABLE_OBJC_WEAK = YES;
				CLANG_WARN_BLOCK_CAPTURE_AUTORELEASING = YES;
				CLANG_WARN_BOOL_CONVERSION = YES;
				CLANG_WARN_COMMA = YES;
				CLANG_WARN_CONSTANT_CONVERSION = YES;
				CLANG_WARN_DEPRECATED_OBJC_IMPLEMENTATIONS = YES;
				CLANG_WARN_DIRECT_OBJC_ISA_USAGE = YES_ERROR;
				CLANG_WARN_DOCUMENTATION_COMMENTS = YES;
				CLANG_WARN_EMPTY_BODY = YES;
				CLANG_WARN_ENUM_CONVERSION = YES;
				CLANG_WARN_INFINITE_RECURSION = YES;
				CLANG_WARN_INT_CONVERSION = YES;
				CLANG_WARN_NON_LITERAL_NULL_CONVERSION = YES;
				CLANG_WARN_OBJC_IMPLICIT_RETAIN_SELF = YES;
				CLANG_WARN_OBJC_LITERAL_CONVERSION = YES;
				CLANG_WARN_OBJC_ROOT_CLASS = YES_ERROR;
				CLANG_WARN_QUOTED_INCLUDE_IN_FRAMEWORK_HEADER = YES;
				CLANG_WARN_RANGE_LOOP_ANALYSIS = YES;
				CLANG_WARN_STRICT_PROTOTYPES = YES;
				CLANG_WARN_SUSPICIOUS_MOVE = YES;
				CLANG_WARN_UNGUARDED_AVAILABILITY = YES_AGGRESSIVE;
				CLANG_WARN_UNREACHABLE_CODE = YES;
				CLANG_WARN__DUPLICATE_METHOD_MATCH = YES;
				COPY_PHASE_STRIP = NO;
				DEBUG_INFORMATION_FORMAT = dwarf;
				ENABLE_STRICT_OBJC_MSGSEND = YES;
				ENABLE_TESTABILITY = YES;
				ENABLE_USER_SCRIPT_SANDBOXING = YES;
				GCC_C_LANGUAGE_STANDARD = gnu17;
				GCC_DYNAMIC_NO_PIC = NO;
				GCC_NO_COMMON_BLOCKS = YES;
				GCC_OPTIMIZATION_LEVEL = 0;
				GCC_PREPROCESSOR_DEFINITIONS = (
					"DEBUG=1",
					"$(inherited)",
				);
				GCC_WARN_64_TO_32_BIT_CONVERSION = YES;
				GCC_WARN_ABOUT_RETURN_TYPE = YES_ERROR;
				GCC_WARN_UNDECLARED_SELECTOR = YES;
				GCC_WARN_UNINITIALIZED_AUTOS = YES_AGGRESSIVE;
				GCC_WARN_UNUSED_FUNCTION = YES;
				GCC_WARN_UNUSED_VARIABLE = YES;
				IPHONEOS_DEPLOYMENT_TARGET = 16.0;
				LOCALIZATION_PREFERS_STRING_CATALOGS = YES;
				MTL_ENABLE_DEBUG_INFO = INCLUDE_SOURCE;
				MTL_FAST_MATH = YES;
				ONLY_ACTIVE_ARCH = YES;
				SDKROOT = iphoneos;
				SWIFT_ACTIVE_COMPILATION_CONDITIONS = "DEBUG $(inherited)";
				SWIFT_OPTIMIZATION_LEVEL = "-Onone";
			};
			name = Debug;
		};
		0A9D7F102D3218D900098730 /* Release */ = {
			isa = XCBuildConfiguration;
			buildSettings = {
				ALWAYS_SEARCH_USER_PATHS = NO;
				ASSETCATALOG_COMPILER_GENERATE_SWIFT_ASSET_SYMBOL_EXTENSIONS = YES;
				CLANG_ANALYZER_NONNULL = YES;
				CLANG_ANALYZER_NUMBER_OBJECT_CONVERSION = YES_AGGRESSIVE;
				CLANG_CXX_LANGUAGE_STANDARD = "gnu++20";
				CLANG_ENABLE_MODULES = YES;
				CLANG_ENABLE_OBJC_ARC = YES;
				CLANG_ENABLE_OBJC_WEAK = YES;
				CLANG_WARN_BLOCK_CAPTURE_AUTORELEASING = YES;
				CLANG_WARN_BOOL_CONVERSION = YES;
				CLANG_WARN_COMMA = YES;
				CLANG_WARN_CONSTANT_CONVERSION = YES;
				CLANG_WARN_DEPRECATED_OBJC_IMPLEMENTATIONS = YES;
				CLANG_WARN_DIRECT_OBJC_ISA_USAGE = YES_ERROR;
				CLANG_WARN_DOCUMENTATION_COMMENTS = YES;
				CLANG_WARN_EMPTY_BODY = YES;
				CLANG_WARN_ENUM_CONVERSION = YES;
				CLANG_WARN_INFINITE_RECURSION = YES;
				CLANG_WARN_INT_CONVERSION = YES;
				CLANG_WARN_NON_LITERAL_NULL_CONVERSION = YES;
				CLANG_WARN_OBJC_IMPLICIT_RETAIN_SELF = YES;
				CLANG_WARN_OBJC_LITERAL_CONVERSION = YES;
				CLANG_WARN_OBJC_ROOT_CLASS = YES_ERROR;
				CLANG_WARN_QUOTED_INCLUDE_IN_FRAMEWORK_HEADER = YES;
				CLANG_WARN_RANGE_LOOP_ANALYSIS = YES;
				CLANG_WARN_STRICT_PROTOTYPES = YES;
				CLANG_WARN_SUSPICIOUS_MOVE = YES;
				CLANG_WARN_UNGUARDED_AVAILABILITY = YES_AGGRESSIVE;
				CLANG_WARN_UNREACHABLE_CODE = YES;
				CLANG_WARN__DUPLICATE_METHOD_MATCH = YES;
				COPY_PHASE_STRIP = NO;
				DEBUG_INFORMATION_FORMAT = "dwarf-with-dsym";
				ENABLE_NS_ASSERTIONS = NO;
				ENABLE_STRICT_OBJC_MSGSEND = YES;
				ENABLE_USER_SCRIPT_SANDBOXING = YES;
				GCC_C_LANGUAGE_STANDARD = gnu17;
				GCC_NO_COMMON_BLOCKS = YES;
				GCC_WARN_64_TO_32_BIT_CONVERSION = YES;
				GCC_WARN_ABOUT_RETURN_TYPE = YES_ERROR;
				GCC_WARN_UNDECLARED_SELECTOR = YES;
				GCC_WARN_UNINITIALIZED_AUTOS = YES_AGGRESSIVE;
				GCC_WARN_UNUSED_FUNCTION = YES;
				GCC_WARN_UNUSED_VARIABLE = YES;
				IPHONEOS_DEPLOYMENT_TARGET = 16.0;
				LOCALIZATION_PREFERS_STRING_CATALOGS = YES;
				MTL_ENABLE_DEBUG_INFO = NO;
				MTL_FAST_MATH = YES;
				SDKROOT = iphoneos;
				SWIFT_COMPILATION_MODE = wholemodule;
				VALIDATE_PRODUCT = YES;
			};
			name = Release;
		};
		0A9D7F122D3218D900098730 /* Debug */ = {
			isa = XCBuildConfiguration;
			buildSettings = {
				ASSETCATALOG_COMPILER_APPICON_NAME = AppIcon;
				ASSETCATALOG_COMPILER_GLOBAL_ACCENT_COLOR_NAME = AccentColor;
				CODE_SIGN_STYLE = Automatic;
				CURRENT_PROJECT_VERSION = 1;
				DEVELOPMENT_TEAM = N4PQBQKZ9J;
				GENERATE_INFOPLIST_FILE = YES;
				INFOPLIST_FILE = Swapnil_Task/Info.plist;
				INFOPLIST_KEY_UIApplicationSupportsIndirectInputEvents = YES;
				INFOPLIST_KEY_UILaunchStoryboardName = LaunchScreen;
				INFOPLIST_KEY_UISupportedInterfaceOrientations_iPad = "UIInterfaceOrientationPortrait UIInterfaceOrientationPortraitUpsideDown UIInterfaceOrientationLandscapeLeft UIInterfaceOrientationLandscapeRight";
				INFOPLIST_KEY_UISupportedInterfaceOrientations_iPhone = "UIInterfaceOrientationPortrait UIInterfaceOrientationLandscapeLeft UIInterfaceOrientationLandscapeRight";
				IPHONEOS_DEPLOYMENT_TARGET = 16;
				LD_RUNPATH_SEARCH_PATHS = (
					"$(inherited)",
					"@executable_path/Frameworks",
				);
				MARKETING_VERSION = 1.0;
				PRODUCT_BUNDLE_IDENTIFIER = "swappy.Swapnil-Task";
				PRODUCT_NAME = "$(TARGET_NAME)";
				SWIFT_EMIT_LOC_STRINGS = YES;
				SWIFT_VERSION = 5.0;
				TARGETED_DEVICE_FAMILY = "1,2";
			};
			name = Debug;
		};
		0A9D7F132D3218D900098730 /* Release */ = {
			isa = XCBuildConfiguration;
			buildSettings = {
				ASSETCATALOG_COMPILER_APPICON_NAME = AppIcon;
				ASSETCATALOG_COMPILER_GLOBAL_ACCENT_COLOR_NAME = AccentColor;
				CODE_SIGN_STYLE = Automatic;
				CURRENT_PROJECT_VERSION = 1;
				DEVELOPMENT_TEAM = N4PQBQKZ9J;
				GENERATE_INFOPLIST_FILE = YES;
				INFOPLIST_FILE = Swapnil_Task/Info.plist;
				INFOPLIST_KEY_UIApplicationSupportsIndirectInputEvents = YES;
				INFOPLIST_KEY_UILaunchStoryboardName = LaunchScreen;
				INFOPLIST_KEY_UISupportedInterfaceOrientations_iPad = "UIInterfaceOrientationPortrait UIInterfaceOrientationPortraitUpsideDown UIInterfaceOrientationLandscapeLeft UIInterfaceOrientationLandscapeRight";
				INFOPLIST_KEY_UISupportedInterfaceOrientations_iPhone = "UIInterfaceOrientationPortrait UIInterfaceOrientationLandscapeLeft UIInterfaceOrientationLandscapeRight";
				IPHONEOS_DEPLOYMENT_TARGET = 16;
				LD_RUNPATH_SEARCH_PATHS = (
					"$(inherited)",
					"@executable_path/Frameworks",
				);
				MARKETING_VERSION = 1.0;
				PRODUCT_BUNDLE_IDENTIFIER = "swappy.Swapnil-Task";
				PRODUCT_NAME = "$(TARGET_NAME)";
				SWIFT_EMIT_LOC_STRINGS = YES;
				SWIFT_VERSION = 5.0;
				TARGETED_DEVICE_FAMILY = "1,2";
			};
			name = Release;
		};
		0A9D7F152D3218D900098730 /* Debug */ = {
			isa = XCBuildConfiguration;
			buildSettings = {
				ALWAYS_EMBED_SWIFT_STANDARD_LIBRARIES = YES;
				BUNDLE_LOADER = "$(TEST_HOST)";
				CODE_SIGN_STYLE = Automatic;
				CURRENT_PROJECT_VERSION = 1;
				DEVELOPMENT_TEAM = N4PQBQKZ9J;
				GENERATE_INFOPLIST_FILE = YES;
				IPHONEOS_DEPLOYMENT_TARGET = 16.0;
				MARKETING_VERSION = 1.0;
				PRODUCT_BUNDLE_IDENTIFIER = "swappy.Swapnil-TaskTests";
				PRODUCT_NAME = "$(TARGET_NAME)";
				SWIFT_EMIT_LOC_STRINGS = NO;
				SWIFT_VERSION = 5.0;
				TARGETED_DEVICE_FAMILY = "1,2";
				TEST_HOST = "$(BUILT_PRODUCTS_DIR)/Swapnil_Task.app/$(BUNDLE_EXECUTABLE_FOLDER_PATH)/Swapnil_Task";
			};
			name = Debug;
		};
		0A9D7F162D3218D900098730 /* Release */ = {
			isa = XCBuildConfiguration;
			buildSettings = {
				ALWAYS_EMBED_SWIFT_STANDARD_LIBRARIES = YES;
				BUNDLE_LOADER = "$(TEST_HOST)";
				CODE_SIGN_STYLE = Automatic;
				CURRENT_PROJECT_VERSION = 1;
				DEVELOPMENT_TEAM = N4PQBQKZ9J;
				GENERATE_INFOPLIST_FILE = YES;
				IPHONEOS_DEPLOYMENT_TARGET = 16.0;
				MARKETING_VERSION = 1.0;
				PRODUCT_BUNDLE_IDENTIFIER = "swappy.Swapnil-TaskTests";
				PRODUCT_NAME = "$(TARGET_NAME)";
				SWIFT_EMIT_LOC_STRINGS = NO;
				SWIFT_VERSION = 5.0;
				TARGETED_DEVICE_FAMILY = "1,2";
				TEST_HOST = "$(BUILT_PRODUCTS_DIR)/Swapnil_Task.app/$(BUNDLE_EXECUTABLE_FOLDER_PATH)/Swapnil_Task";
			};
			name = Release;
		};
		0A9D7F182D3218D900098730 /* Debug */ = {
			isa = XCBuildConfiguration;
			buildSettings = {
				ALWAYS_EMBED_SWIFT_STANDARD_LIBRARIES = YES;
				CODE_SIGN_STYLE = Automatic;
				CURRENT_PROJECT_VERSION = 1;
				DEVELOPMENT_TEAM = N4PQBQKZ9J;
				GENERATE_INFOPLIST_FILE = YES;
				MARKETING_VERSION = 1.0;
				PRODUCT_BUNDLE_IDENTIFIER = "swappy.Swapnil-TaskUITests";
				PRODUCT_NAME = "$(TARGET_NAME)";
				SWIFT_EMIT_LOC_STRINGS = NO;
				SWIFT_VERSION = 5.0;
				TARGETED_DEVICE_FAMILY = "1,2";
				TEST_TARGET_NAME = Swapnil_Task;
			};
			name = Debug;
		};
		0A9D7F192D3218D900098730 /* Release */ = {
			isa = XCBuildConfiguration;
			buildSettings = {
				ALWAYS_EMBED_SWIFT_STANDARD_LIBRARIES = YES;
				CODE_SIGN_STYLE = Automatic;
				CURRENT_PROJECT_VERSION = 1;
				DEVELOPMENT_TEAM = N4PQBQKZ9J;
				GENERATE_INFOPLIST_FILE = YES;
				MARKETING_VERSION = 1.0;
				PRODUCT_BUNDLE_IDENTIFIER = "swappy.Swapnil-TaskUITests";
				PRODUCT_NAME = "$(TARGET_NAME)";
				SWIFT_EMIT_LOC_STRINGS = NO;
				SWIFT_VERSION = 5.0;
				TARGETED_DEVICE_FAMILY = "1,2";
				TEST_TARGET_NAME = Swapnil_Task;
			};
			name = Release;
		};
/* End XCBuildConfiguration section */

/* Begin XCConfigurationList section */
		0A9D7EE22D3218D700098730 /* Build configuration list for PBXProject "Swapnil_Task" */ = {
			isa = XCConfigurationList;
			buildConfigurations = (
				0A9D7F0F2D3218D900098730 /* Debug */,
				0A9D7F102D3218D900098730 /* Release */,
			);
			defaultConfigurationIsVisible = 0;
			defaultConfigurationName = Release;
		};
		0A9D7F112D3218D900098730 /* Build configuration list for PBXNativeTarget "Swapnil_Task" */ = {
			isa = XCConfigurationList;
			buildConfigurations = (
				0A9D7F122D3218D900098730 /* Debug */,
				0A9D7F132D3218D900098730 /* Release */,
			);
			defaultConfigurationIsVisible = 0;
			defaultConfigurationName = Release;
		};
		0A9D7F142D3218D900098730 /* Build configuration list for PBXNativeTarget "Swapnil_TaskTests" */ = {
			isa = XCConfigurationList;
			buildConfigurations = (
				0A9D7F152D3218D900098730 /* Debug */,
				0A9D7F162D3218D900098730 /* Release */,
			);
			defaultConfigurationIsVisible = 0;
			defaultConfigurationName = Release;
		};
		0A9D7F172D3218D900098730 /* Build configuration list for PBXNativeTarget "Swapnil_TaskUITests" */ = {
			isa = XCConfigurationList;
			buildConfigurations = (
				0A9D7F182D3218D900098730 /* Debug */,
				0A9D7F192D3218D900098730 /* Release */,
			);
			defaultConfigurationIsVisible = 0;
			defaultConfigurationName = Release;
		};
/* End XCConfigurationList section */

/* Begin XCVersionGroup section */
		0A9D7F642D38C17200098730 /* Swapnil_Task_DB.xcdatamodeld */ = {
			isa = XCVersionGroup;
			children = (
				0A9D7F652D38C17200098730 /* Swapnil_Task_DB.xcdatamodel */,
			);
			currentVersion = 0A9D7F652D38C17200098730 /* Swapnil_Task_DB.xcdatamodel */;
			path = Swapnil_Task_DB.xcdatamodeld;
			sourceTree = "<group>";
			versionGroupType = wrapper.xcdatamodel;
		};
/* End XCVersionGroup section */
	};
	rootObject = 0A9D7EDF2D3218D700098730 /* Project object */;
}
